
Microsoft Visual Studio Solution File, Format Version 12.00
# Visual Studio Version 17
VisualStudioVersion = 17.2.32602.215
MinimumVisualStudioVersion = 10.0.40219.1
Project("{9A19103F-16F7-4668-BE54-9A1E7A4F7556}") = "RewardPointApi", "RewardPoint\RewardPointApi.csproj", "{E9DAB2ED-B1DB-4FF9-B48B-70BDD15CE91F}"
EndProject
Project("{9A19103F-16F7-4668-BE54-9A1E7A4F7556}") = "Core", "Core\Core.csproj", "{61C94DF2-2087-46B7-A2E1-202653E4712D}"
EndProject
Project("{9A19103F-16F7-4668-BE54-9A1E7A4F7556}") = "Infrastructure", "Infrastructure\Infrastructure.csproj", "{26DCD6EE-0C35-4A6E-9FAF-9C28D9C67721}"
EndProject
Project("{FAE04EC0-301F-11D3-BF4B-00C04F79EFBC}") = "UnitTest", "UnitTest\UnitTest.csproj", "{653A00C3-084C-42B1-BF77-9006546A95A6}"
EndProject
Global
	GlobalSection(SolutionConfigurationPlatforms) = preSolution
		Debug|Any CPU = Debug|Any CPU
		Release|Any CPU = Release|Any CPU
	EndGlobalSection
	GlobalSection(ProjectConfigurationPlatforms) = postSolution
		{E9DAB2ED-B1DB-4FF9-B48B-70BDD15CE91F}.Debug|Any CPU.ActiveCfg = Debug|Any CPU
		{E9DAB2ED-B1DB-4FF9-B48B-70BDD15CE91F}.Debug|Any CPU.Build.0 = Debug|Any CPU
		{E9DAB2ED-B1DB-4FF9-B48B-70BDD15CE91F}.Release|Any CPU.ActiveCfg = Release|Any CPU
		{E9DAB2ED-B1DB-4FF9-B48B-70BDD15CE91F}.Release|Any CPU.Build.0 = Release|Any CPU
		{61C94DF2-2087-46B7-A2E1-202653E4712D}.Debug|Any CPU.ActiveCfg = Debug|Any CPU
		{61C94DF2-2087-46B7-A2E1-202653E4712D}.Debug|Any CPU.Build.0 = Debug|Any CPU
		{61C94DF2-2087-46B7-A2E1-202653E4712D}.Release|Any CPU.ActiveCfg = Release|Any CPU
		{61C94DF2-2087-46B7-A2E1-202653E4712D}.Release|Any CPU.Build.0 = Release|Any CPU
		{26DCD6EE-0C35-4A6E-9FAF-9C28D9C67721}.Debug|Any CPU.ActiveCfg = Debug|Any CPU
		{26DCD6EE-0C35-4A6E-9FAF-9C28D9C67721}.Debug|Any CPU.Build.0 = Debug|Any CPU
		{26DCD6EE-0C35-4A6E-9FAF-9C28D9C67721}.Release|Any CPU.ActiveCfg = Release|Any CPU
		{26DCD6EE-0C35-4A6E-9FAF-9C28D9C67721}.Release|Any CPU.Build.0 = Release|Any CPU
		{653A00C3-084C-42B1-BF77-9006546A95A6}.Debug|Any CPU.ActiveCfg = Debug|Any CPU
		{653A00C3-084C-42B1-BF77-9006546A95A6}.Debug|Any CPU.Build.0 = Debug|Any CPU
		{653A00C3-084C-42B1-BF77-9006546A95A6}.Release|Any CPU.ActiveCfg = Release|Any CPU
		{653A00C3-084C-42B1-BF77-9006546A95A6}.Release|Any CPU.Build.0 = Release|Any CPU
	EndGlobalSection
	GlobalSection(SolutionProperties) = preSolution
		HideSolutionNode = FALSE
	EndGlobalSection
	GlobalSection(ExtensibilityGlobals) = postSolution
		SolutionGuid = {EF2357DA-F5FC-4047-B3B2-4054CC710D1B}
	EndGlobalSection
EndGlobal
